
Microsoft Visual Studio Solution File, Format Version 12.00
# Visual Studio 15
VisualStudioVersion = 15.0.27130.2010
MinimumVisualStudioVersion = 10.0.40219.1
Project("{FAE04EC0-301F-11D3-BF4B-00C04F79EFBC}") = "WGraph", "WGraph\WGraph.csproj", "{38153651-FA30-4E14-9C68-552CCF0C166E}"
EndProject
Project("{FAE04EC0-301F-11D3-BF4B-00C04F79EFBC}") = "Digraph", "..\..\04_Digraph\Digraph\Digraph\Digraph.csproj", "{11A83CE4-1DC7-4ABC-8879-6EDFDE711550}"
EndProject
Global
	GlobalSection(SolutionConfigurationPlatforms) = preSolution
		Debug|Any CPU = Debug|Any CPU
		Release|Any CPU = Release|Any CPU
	EndGlobalSection
	GlobalSection(ProjectConfigurationPlatforms) = postSolution
		{38153651-FA30-4E14-9C68-552CCF0C166E}.Debug|Any CPU.ActiveCfg = Debug|Any CPU
		{38153651-FA30-4E14-9C68-552CCF0C166E}.Debug|Any CPU.Build.0 = Debug|Any CPU
		{38153651-FA30-4E14-9C68-552CCF0C166E}.Release|Any CPU.ActiveCfg = Release|Any CPU
		{38153651-FA30-4E14-9C68-552CCF0C166E}.Release|Any CPU.Build.0 = Release|Any CPU
		{11A83CE4-1DC7-4ABC-8879-6EDFDE711550}.Debug|Any CPU.ActiveCfg = Debug|Any CPU
		{11A83CE4-1DC7-4ABC-8879-6EDFDE711550}.Debug|Any CPU.Build.0 = Debug|Any CPU
		{11A83CE4-1DC7-4ABC-8879-6EDFDE711550}.Release|Any CPU.ActiveCfg = Release|Any CPU
		{11A83CE4-1DC7-4ABC-8879-6EDFDE711550}.Release|Any CPU.Build.0 = Release|Any CPU
	EndGlobalSection
	GlobalSection(SolutionProperties) = preSolution
		HideSolutionNode = FALSE
	EndGlobalSection
	GlobalSection(ExtensibilityGlobals) = postSolution
		SolutionGuid = {FDC57CC1-596D-4A07-94C0-F1197522C0DB}
	EndGlobalSection
EndGlobal
