
Microsoft Visual Studio Solution File, Format Version 12.00
# Visual Studio 15
VisualStudioVersion = 15.0.27130.2010
MinimumVisualStudioVersion = 10.0.40219.1
Project("{FAE04EC0-301F-11D3-BF4B-00C04F79EFBC}") = "greatestCommonDivisor", "greatestCommonDivisor\greatestCommonDivisor.csproj", "{DBA7995E-094B-4DDC-8B56-F034BC99230A}"
EndProject
Global
	GlobalSection(SolutionConfigurationPlatforms) = preSolution
		Debug|Any CPU = Debug|Any CPU
		Release|Any CPU = Release|Any CPU
	EndGlobalSection
	GlobalSection(ProjectConfigurationPlatforms) = postSolution
		{DBA7995E-094B-4DDC-8B56-F034BC99230A}.Debug|Any CPU.ActiveCfg = Debug|Any CPU
		{DBA7995E-094B-4DDC-8B56-F034BC99230A}.Debug|Any CPU.Build.0 = Debug|Any CPU
		{DBA7995E-094B-4DDC-8B56-F034BC99230A}.Release|Any CPU.ActiveCfg = Release|Any CPU
		{DBA7995E-094B-4DDC-8B56-F034BC99230A}.Release|Any CPU.Build.0 = Release|Any CPU
	EndGlobalSection
	GlobalSection(SolutionProperties) = preSolution
		HideSolutionNode = FALSE
	EndGlobalSection
	GlobalSection(ExtensibilityGlobals) = postSolution
		SolutionGuid = {D84D99D0-7553-48E0-AC47-3BA6324A974D}
	EndGlobalSection
EndGlobal
